<?xml version="1.0" encoding="utf-8"?>
<Project ToolsVersion="4.0" xmlns="http://schemas.microsoft.com/developer/msbuild/2003">
  <ItemGroup>
    <Filter Include="Src">
      <UniqueIdentifier>{aa9b89f5-fa92-456f-86a2-c5ef9fe70cbf}</UniqueIdentifier>
    </Filter>
    <Filter Include="Assets">
      <UniqueIdentifier>{5df777ee-f829-474b-a28f-7249e98348b1}</UniqueIdentifier>
    </Filter>
  </ItemGroup>
  <ItemGroup>
    <ClCompile Include="Main.cpp">
      <Filter>Src</Filter>
    </ClCompile>
  </ItemGroup>
  <ItemGroup>
    <None Include="..\UniverseEngine\.clang-format" />
    <None Include="Assets\cube.usd">
      <Filter>Assets</Filter>
    </None>
    <None Include="Assets\susan.mtl">
      <Filter>Assets</Filter>
    </None>
    <None Include="Assets\susan.obj">
      <Filter>Assets</Filter>
    </None>
  </ItemGroup>
</Project>