<?xml version="1.0" encoding="utf-8"?>
<Project ToolsVersion="4.0" xmlns="http://schemas.microsoft.com/developer/msbuild/2003">
  <ItemGroup>
    <Filter Include="Src">
      <UniqueIdentifier>{93995380-89BD-4b04-88EB-625FBE52EBFB}</UniqueIdentifier>
      <Extensions>h;hh;hpp;hxx;h++;hm;inl;inc;ipp;xsd</Extensions>
    </Filter>
    <Filter Include="Src\Core">
      <UniqueIdentifier>{388a272b-b354-4ae5-9710-a0f8fba394d8}</UniqueIdentifier>
    </Filter>
    <Filter Include="Src\Utils">
      <UniqueIdentifier>{b717ac76-a8bd-4aba-a278-f779726b41e9}</UniqueIdentifier>
    </Filter>
    <Filter Include="Src\Graphics">
      <UniqueIdentifier>{e1588a1d-7207-4ae7-8441-7e4e5f0e69a7}</UniqueIdentifier>
    </Filter>
    <Filter Include="Src\Resources">
      <UniqueIdentifier>{e5161b79-c6db-49fc-ac10-7eea07d93cb8}</UniqueIdentifier>
    </Filter>
    <Filter Include="Src\Resources\Assets">
      <UniqueIdentifier>{d4beccec-75d9-4ae7-8c18-8482f83652c4}</UniqueIdentifier>
    </Filter>
    <Filter Include="Src\Math">
      <UniqueIdentifier>{e455f176-adc9-40ff-8601-1cbfc7810f28}</UniqueIdentifier>
    </Filter>
    <Filter Include="Src\Resources\Loaders">
      <UniqueIdentifier>{1d84470d-a6fe-4297-b2a3-70047aa28ad8}</UniqueIdentifier>
    </Filter>
    <Filter Include="Src\Input">
      <UniqueIdentifier>{1a6bfce2-cce5-46e1-b82a-15130e58fb27}</UniqueIdentifier>
    </Filter>
    <Filter Include="Src\Graphics\Common">
      <UniqueIdentifier>{21b00391-0cef-49ea-8ebf-5bc5ff4cafcf}</UniqueIdentifier>
    </Filter>
    <Filter Include="Src\Graphics\GL">
      <UniqueIdentifier>{afc53881-e2c3-45a4-a6b5-6d2cbe5dc92b}</UniqueIdentifier>
    </Filter>
    <Filter Include="Src\Graphics\Common\Assets">
      <UniqueIdentifier>{ef60d133-6efd-42f2-873e-1d907335456f}</UniqueIdentifier>
    </Filter>
    <Filter Include="Src\Graphics\GL\Assets">
      <UniqueIdentifier>{fa285c54-669d-4b7d-91ba-413b509ef73b}</UniqueIdentifier>
    </Filter>
  </ItemGroup>
  <ItemGroup>
    <ClInclude Include="UniverseEngine.h">
      <Filter>Src</Filter>
    </ClInclude>
    <ClInclude Include="AtomicPool.h">
      <Filter>Src\Utils</Filter>
    </ClInclude>
    <ClInclude Include="Logging.h">
      <Filter>Src\Utils</Filter>
    </ClInclude>
    <ClInclude Include="Option.h">
      <Filter>Src\Utils</Filter>
    </ClInclude>
    <ClInclude Include="Pool.h">
      <Filter>Src\Utils</Filter>
    </ClInclude>
    <ClInclude Include="Material.h">
      <Filter>Src\Resources\Assets</Filter>
    </ClInclude>
    <ClInclude Include="Mesh.h">
      <Filter>Src\Resources\Assets</Filter>
    </ClInclude>
    <ClInclude Include="Texture.h">
      <Filter>Src\Resources\Assets</Filter>
    </ClInclude>
    <ClInclude Include="Resources.h">
      <Filter>Src\Resources</Filter>
    </ClInclude>
    <ClInclude Include="Engine.h">
      <Filter>Src\Core</Filter>
    </ClInclude>
    <ClInclude Include="MathUtil.h">
      <Filter>Src\Math</Filter>
    </ClInclude>
    <ClInclude Include="Transform.h">
      <Filter>Src\Math</Filter>
    </ClInclude>
    <ClInclude Include="Graphics.h">
      <Filter>Src\Graphics</Filter>
    </ClInclude>
    <ClInclude Include="Window.h">
      <Filter>Src\Graphics</Filter>
    </ClInclude>
    <ClInclude Include="Input.h">
      <Filter>Src\Input</Filter>
    </ClInclude>
    <ClInclude Include="Scene.h">
      <Filter>Src\Resources\Assets</Filter>
    </ClInclude>
    <ClInclude Include="World.h">
      <Filter>Src\Core</Filter>
    </ClInclude>
    <ClInclude Include="MeshRenderable.h">
      <Filter>Src\Graphics\Common\Assets</Filter>
    </ClInclude>
    <ClInclude Include="GraphicsAPI.h">
      <Filter>Src\Graphics\Common</Filter>
    </ClInclude>
    <ClInclude Include="Shader.h">
      <Filter>Src\Resources\Assets</Filter>
    </ClInclude>
    <ClInclude Include="ShaderRenderable.h">
      <Filter>Src\Graphics\Common\Assets</Filter>
    </ClInclude>
    <ClInclude Include="DebugNames.h">
      <Filter>Src\Graphics\GL</Filter>
    </ClInclude>
    <ClInclude Include="Format.h">
      <Filter>Src\Utils</Filter>
    </ClInclude>
    <ClInclude Include="GraphicsPipeline.h">
      <Filter>Src\Graphics\Common</Filter>
    </ClInclude>
    <ClInclude Include="ShaderType.h">
      <Filter>Src\Graphics\Common</Filter>
    </ClInclude>
    <ClInclude Include="CmdList.h">
      <Filter>Src\Graphics\Common</Filter>
    </ClInclude>
    <ClInclude Include="Rect2D.h">
      <Filter>Src\Math</Filter>
    </ClInclude>
    <ClInclude Include="CmdQueue.h">
      <Filter>Src\Graphics\Common</Filter>
    </ClInclude>
    <ClInclude Include="Camera.h">
      <Filter>Src\Math</Filter>
    </ClInclude>
    <ClInclude Include="Game.h">
      <Filter>Src\Core</Filter>
    </ClInclude>
    <ClInclude Include="Timer.h">
      <Filter>Src\Utils</Filter>
    </ClInclude>
    <ClInclude Include="KeyCode.h">
      <Filter>Src\Input</Filter>
    </ClInclude>
  </ItemGroup>
  <ItemGroup>
    <ClCompile Include="Logging.cpp">
      <Filter>Src\Utils</Filter>
    </ClCompile>
    <ClCompile Include="Resources.cpp">
      <Filter>Src\Resources</Filter>
    </ClCompile>
    <ClCompile Include="Engine.cpp">
      <Filter>Src\Core</Filter>
    </ClCompile>
    <ClCompile Include="Transform.cpp">
      <Filter>Src\Math</Filter>
    </ClCompile>
    <ClCompile Include="MathUtil.cpp">
      <Filter>Src\Math</Filter>
    </ClCompile>
    <ClCompile Include="USDLoader.cpp">
      <Filter>Src\Resources\Loaders</Filter>
    </ClCompile>
    <ClCompile Include="OBJLoader.cpp">
      <Filter>Src\Resources\Loaders</Filter>
    </ClCompile>
    <ClCompile Include="IMGLoader.cpp">
      <Filter>Src\Resources\Loaders</Filter>
    </ClCompile>
    <ClCompile Include="Graphics.cpp">
      <Filter>Src\Graphics</Filter>
    </ClCompile>
    <ClCompile Include="Window.cpp">
      <Filter>Src\Graphics</Filter>
    </ClCompile>
    <ClCompile Include="Input.cpp">
      <Filter>Src\Input</Filter>
    </ClCompile>
    <ClCompile Include="World.cpp">
      <Filter>Src\Core</Filter>
    </ClCompile>
    <ClCompile Include="Scene.cpp">
      <Filter>Src\Resources\Assets</Filter>
    </ClCompile>
    <ClCompile Include="MeshRenderable.cpp">
      <Filter>Src\Graphics\GL\Assets</Filter>
    </ClCompile>
    <ClCompile Include="Mesh.cpp">
      <Filter>Src\Resources\Assets</Filter>
    </ClCompile>
    <ClCompile Include="GraphicsAPI.cpp">
      <Filter>Src\Graphics\GL</Filter>
    </ClCompile>
    <ClCompile Include="ShaderRenderable.cpp">
      <Filter>Src\Graphics\GL\Assets</Filter>
    </ClCompile>
    <ClCompile Include="Shader.cpp">
      <Filter>Src\Resources\Assets</Filter>
    </ClCompile>
    <ClCompile Include="ShaderLoader.cpp">
      <Filter>Src\Resources\Loaders</Filter>
    </ClCompile>
    <ClCompile Include="DebugNames.cpp">
      <Filter>Src\Graphics\GL</Filter>
    </ClCompile>
    <ClCompile Include="GraphicsPipeline.cpp">
      <Filter>Src\Graphics\GL</Filter>
    </ClCompile>
    <ClCompile Include="CmdList.cpp">
      <Filter>Src\Graphics\GL</Filter>
    </ClCompile>
    <ClCompile Include="CmdQueue.cpp">
      <Filter>Src\Graphics\GL</Filter>
    </ClCompile>
    <ClCompile Include="Camera.cpp">
      <Filter>Src\Math</Filter>
    </ClCompile>
    <ClCompile Include="Timer.cpp">
      <Filter>Src\Utils</Filter>
    </ClCompile>
  </ItemGroup>
  <ItemGroup>
    <None Include=".clang-format" />
  </ItemGroup>
</Project>